
Microsoft Visual Studio Solution File, Format Version 12.00
# Visual Studio Version 16
VisualStudioVersion = 16.0.31702.278
MinimumVisualStudioVersion = 10.0.40219.1
Project("{FAE04EC0-301F-11D3-BF4B-00C04F79EFBC}") = "AgenciaSeguros", "AgenciaSeguros.csproj", "{0BF49A65-5FB9-4665-ABCE-B973E7926335}"
EndProject
Global
	GlobalSection(SolutionConfigurationPlatforms) = preSolution
		Debug|Any CPU = Debug|Any CPU
		Release|Any CPU = Release|Any CPU
	EndGlobalSection
	GlobalSection(ProjectConfigurationPlatforms) = postSolution
		{0BF49A65-5FB9-4665-ABCE-B973E7926335}.Debug|Any CPU.ActiveCfg = Debug|Any CPU
		{0BF49A65-5FB9-4665-ABCE-B973E7926335}.Debug|Any CPU.Build.0 = Debug|Any CPU
		{0BF49A65-5FB9-4665-ABCE-B973E7926335}.Release|Any CPU.ActiveCfg = Release|Any CPU
		{0BF49A65-5FB9-4665-ABCE-B973E7926335}.Release|Any CPU.Build.0 = Release|Any CPU
	EndGlobalSection
	GlobalSection(SolutionProperties) = preSolution
		HideSolutionNode = FALSE
	EndGlobalSection
	GlobalSection(ExtensibilityGlobals) = postSolution
		SolutionGuid = {C4D503FD-8CE1-4BDB-80C0-5CEFE4EB0D75}
	EndGlobalSection
EndGlobal
